// !$*UTF8*$!
{
	archiveVersion = 1;
	classes = {
	};
	objectVersion = 46;
	objects = {

/* Begin PBXBuildFile section */
		6B16D7F95818459C9A1AFAFF /* libPods-Pokemap.a in Frameworks */ = {isa = PBXBuildFile; fileRef = 63824429FF9D6E0F2AFB44FE /* libPods-Pokemap.a */; };
		870D990D1D40BF3600CF9BF3 /* RFRPCGetProfileRequest.m in Sources */ = {isa = PBXBuildFile; fileRef = 870D990C1D40BF3600CF9BF3 /* RFRPCGetProfileRequest.m */; };
		870D99101D40BF4700CF9BF3 /* RFRPCGetMapObjectsRequest.m in Sources */ = {isa = PBXBuildFile; fileRef = 870D990F1D40BF4700CF9BF3 /* RFRPCGetMapObjectsRequest.m */; };
		870D99131D40C09100CF9BF3 /* varint.c in Sources */ = {isa = PBXBuildFile; fileRef = 870D99111D40C09100CF9BF3 /* varint.c */; };
		873501A51D3F8444009486BE /* RFRPCRequest.m in Sources */ = {isa = PBXBuildFile; fileRef = 873501A41D3F8444009486BE /* RFRPCRequest.m */; };
		873501B01D3FABF3009486BE /* Request.pb.m in Sources */ = {isa = PBXBuildFile; fileRef = 873501AD1D3FABF3009486BE /* Request.pb.m */; };
		873501B11D3FABF3009486BE /* Response.pb.m in Sources */ = {isa = PBXBuildFile; fileRef = 873501AF1D3FABF3009486BE /* Response.pb.m */; };
		874DC88A1D41393000AEEE96 /* RFMapObjectsManager.m in Sources */ = {isa = PBXBuildFile; fileRef = 874DC8891D41393000AEEE96 /* RFMapObjectsManager.m */; };
		874DC88D1D41399B00AEEE96 /* RFPokemonMarker.m in Sources */ = {isa = PBXBuildFile; fileRef = 874DC88C1D41399B00AEEE96 /* RFPokemonMarker.m */; };
		874DC8901D4154D600AEEE96 /* RFCoordinate.m in Sources */ = {isa = PBXBuildFile; fileRef = 874DC88F1D4154D600AEEE96 /* RFCoordinate.m */; };
		876FFD8F1D3FFA5700F5142C /* libs2geometry.a in Frameworks */ = {isa = PBXBuildFile; fileRef = 876FFD8E1D3FFA5700F5142C /* libs2geometry.a */; };
		876FFD911D3FFAEC00F5142C /* libc++.tbd in Frameworks */ = {isa = PBXBuildFile; fileRef = 876FFD901D3FFAEC00F5142C /* libc++.tbd */; };
		87B6C2831D4229D0009C0F2F /* RFAuthViewController.m in Sources */ = {isa = PBXBuildFile; fileRef = 87B6C2811D4229D0009C0F2F /* RFAuthViewController.m */; };
		87B6C2841D4229D0009C0F2F /* RFAuthViewController.xib in Resources */ = {isa = PBXBuildFile; fileRef = 87B6C2821D4229D0009C0F2F /* RFAuthViewController.xib */; };
		87DDEA811D3E08100082760E /* main.m in Sources */ = {isa = PBXBuildFile; fileRef = 87DDEA801D3E08100082760E /* main.m */; };
		87DDEA841D3E08100082760E /* AppDelegate.m in Sources */ = {isa = PBXBuildFile; fileRef = 87DDEA831D3E08100082760E /* AppDelegate.m */; };
		87DDEA871D3E08100082760E /* RFMapViewController.m in Sources */ = {isa = PBXBuildFile; fileRef = 87DDEA861D3E08100082760E /* RFMapViewController.m */; };
		87DDEA8A1D3E08100082760E /* Main.storyboard in Resources */ = {isa = PBXBuildFile; fileRef = 87DDEA881D3E08100082760E /* Main.storyboard */; };
		87DDEA8C1D3E08100082760E /* Assets.xcassets in Resources */ = {isa = PBXBuildFile; fileRef = 87DDEA8B1D3E08100082760E /* Assets.xcassets */; };
		87DDEA8F1D3E08100082760E /* LaunchScreen.storyboard in Resources */ = {isa = PBXBuildFile; fileRef = 87DDEA8D1D3E08100082760E /* LaunchScreen.storyboard */; };
		87DDEA9F1D3E0CE20082760E /* RFNetworkManager.m in Sources */ = {isa = PBXBuildFile; fileRef = 87DDEA9E1D3E0CE20082760E /* RFNetworkManager.m */; };
		87DDEAA61D3E0EE60082760E /* RFConstants.m in Sources */ = {isa = PBXBuildFile; fileRef = 87DDEAA51D3E0EE60082760E /* RFConstants.m */; };
		87DDEAAE1D3E40470082760E /* RFAuthManager.m in Sources */ = {isa = PBXBuildFile; fileRef = 87DDEAAD1D3E40470082760E /* RFAuthManager.m */; };
		87DDEAB71D3E52620082760E /* RFLocationManager.m in Sources */ = {isa = PBXBuildFile; fileRef = 87DDEAB61D3E52620082760E /* RFLocationManager.m */; };
/* End PBXBuildFile section */

/* Begin PBXFileReference section */
		3254BB0132E99D2F75C332D0 /* Pods-Pokemap.debug.xcconfig */ = {isa = PBXFileReference; includeInIndex = 1; lastKnownFileType = text.xcconfig; name = "Pods-Pokemap.debug.xcconfig"; path = "Pods/Target Support Files/Pods-Pokemap/Pods-Pokemap.debug.xcconfig"; sourceTree = "<group>"; };
		63824429FF9D6E0F2AFB44FE /* libPods-Pokemap.a */ = {isa = PBXFileReference; explicitFileType = archive.ar; includeInIndex = 0; path = "libPods-Pokemap.a"; sourceTree = BUILT_PRODUCTS_DIR; };
		870D990B1D40BF3600CF9BF3 /* RFRPCGetProfileRequest.h */ = {isa = PBXFileReference; fileEncoding = 4; lastKnownFileType = sourcecode.c.h; path = RFRPCGetProfileRequest.h; sourceTree = "<group>"; };
		870D990C1D40BF3600CF9BF3 /* RFRPCGetProfileRequest.m */ = {isa = PBXFileReference; fileEncoding = 4; lastKnownFileType = sourcecode.c.objc; path = RFRPCGetProfileRequest.m; sourceTree = "<group>"; };
		870D990E1D40BF4700CF9BF3 /* RFRPCGetMapObjectsRequest.h */ = {isa = PBXFileReference; fileEncoding = 4; lastKnownFileType = sourcecode.c.h; path = RFRPCGetMapObjectsRequest.h; sourceTree = "<group>"; };
		870D990F1D40BF4700CF9BF3 /* RFRPCGetMapObjectsRequest.m */ = {isa = PBXFileReference; fileEncoding = 4; lastKnownFileType = sourcecode.c.objc; path = RFRPCGetMapObjectsRequest.m; sourceTree = "<group>"; };
		870D99111D40C09100CF9BF3 /* varint.c */ = {isa = PBXFileReference; fileEncoding = 4; lastKnownFileType = sourcecode.c.c; path = varint.c; sourceTree = "<group>"; };
		870D99121D40C09100CF9BF3 /* varint.h */ = {isa = PBXFileReference; fileEncoding = 4; lastKnownFileType = sourcecode.c.h; path = varint.h; sourceTree = "<group>"; };
		873501A31D3F8444009486BE /* RFRPCRequest.h */ = {isa = PBXFileReference; fileEncoding = 4; lastKnownFileType = sourcecode.c.h; path = RFRPCRequest.h; sourceTree = "<group>"; };
		873501A41D3F8444009486BE /* RFRPCRequest.m */ = {isa = PBXFileReference; fileEncoding = 4; lastKnownFileType = sourcecode.c.objc; path = RFRPCRequest.m; sourceTree = "<group>"; };
		873501A71D3F888B009486BE /* RFRPCRequestTypes.h */ = {isa = PBXFileReference; fileEncoding = 4; lastKnownFileType = sourcecode.c.h; path = RFRPCRequestTypes.h; sourceTree = "<group>"; };
		873501AC1D3FABF3009486BE /* Request.pb.h */ = {isa = PBXFileReference; fileEncoding = 4; lastKnownFileType = sourcecode.c.h; path = Request.pb.h; sourceTree = "<group>"; };
		873501AD1D3FABF3009486BE /* Request.pb.m */ = {isa = PBXFileReference; fileEncoding = 4; lastKnownFileType = sourcecode.c.objc; path = Request.pb.m; sourceTree = "<group>"; };
		873501AE1D3FABF3009486BE /* Response.pb.h */ = {isa = PBXFileReference; fileEncoding = 4; lastKnownFileType = sourcecode.c.h; path = Response.pb.h; sourceTree = "<group>"; };
		873501AF1D3FABF3009486BE /* Response.pb.m */ = {isa = PBXFileReference; fileEncoding = 4; lastKnownFileType = sourcecode.c.objc; path = Response.pb.m; sourceTree = "<group>"; };
		87372C3F1D3FC113004CEE5D /* libgcc_s.1.tbd */ = {isa = PBXFileReference; lastKnownFileType = "sourcecode.text-based-dylib-definition"; name = libgcc_s.1.tbd; path = usr/lib/libgcc_s.1.tbd; sourceTree = SDKROOT; };
		87372D531D3FEB12004CEE5D /* libs2.dylib */ = {isa = PBXFileReference; lastKnownFileType = "compiled.mach-o.dylib"; name = libs2.dylib; path = ../../../../usr/local/lib/libs2.dylib; sourceTree = "<group>"; };
		87372D541D3FEB12004CEE5D /* libs2cellid.dylib */ = {isa = PBXFileReference; lastKnownFileType = "compiled.mach-o.dylib"; name = libs2cellid.dylib; path = ../../../../usr/local/lib/libs2cellid.dylib; sourceTree = "<group>"; };
		87372D551D3FEB12004CEE5D /* libs2util.dylib */ = {isa = PBXFileReference; lastKnownFileType = "compiled.mach-o.dylib"; name = libs2util.dylib; path = ../../../../usr/local/lib/libs2util.dylib; sourceTree = "<group>"; };
		87372E191D3FF2F0004CEE5D /* s2geometry.h */ = {isa = PBXFileReference; fileEncoding = 4; lastKnownFileType = sourcecode.c.h; path = s2geometry.h; sourceTree = "<group>"; };
		874DC8881D41393000AEEE96 /* RFMapObjectsManager.h */ = {isa = PBXFileReference; fileEncoding = 4; lastKnownFileType = sourcecode.c.h; path = RFMapObjectsManager.h; sourceTree = "<group>"; };
		874DC8891D41393000AEEE96 /* RFMapObjectsManager.m */ = {isa = PBXFileReference; fileEncoding = 4; lastKnownFileType = sourcecode.c.objc; path = RFMapObjectsManager.m; sourceTree = "<group>"; };
		874DC88B1D41399B00AEEE96 /* RFPokemonMarker.h */ = {isa = PBXFileReference; fileEncoding = 4; lastKnownFileType = sourcecode.c.h; path = RFPokemonMarker.h; sourceTree = "<group>"; };
		874DC88C1D41399B00AEEE96 /* RFPokemonMarker.m */ = {isa = PBXFileReference; fileEncoding = 4; lastKnownFileType = sourcecode.c.objc; path = RFPokemonMarker.m; sourceTree = "<group>"; };
		874DC88E1D4154D600AEEE96 /* RFCoordinate.h */ = {isa = PBXFileReference; fileEncoding = 4; lastKnownFileType = sourcecode.c.h; path = RFCoordinate.h; sourceTree = "<group>"; };
		874DC88F1D4154D600AEEE96 /* RFCoordinate.m */ = {isa = PBXFileReference; fileEncoding = 4; lastKnownFileType = sourcecode.c.objc; path = RFCoordinate.m; sourceTree = "<group>"; };
		876FFD8E1D3FFA5700F5142C /* libs2geometry.a */ = {isa = PBXFileReference; lastKnownFileType = archive.ar; path = libs2geometry.a; sourceTree = "<group>"; };
		876FFD901D3FFAEC00F5142C /* libc++.tbd */ = {isa = PBXFileReference; lastKnownFileType = "sourcecode.text-based-dylib-definition"; name = "libc++.tbd"; path = "usr/lib/libc++.tbd"; sourceTree = SDKROOT; };
		87B6C2801D4229D0009C0F2F /* RFAuthViewController.h */ = {isa = PBXFileReference; fileEncoding = 4; lastKnownFileType = sourcecode.c.h; path = RFAuthViewController.h; sourceTree = "<group>"; };
		87B6C2811D4229D0009C0F2F /* RFAuthViewController.m */ = {isa = PBXFileReference; fileEncoding = 4; lastKnownFileType = sourcecode.c.objc; path = RFAuthViewController.m; sourceTree = "<group>"; };
		87B6C2821D4229D0009C0F2F /* RFAuthViewController.xib */ = {isa = PBXFileReference; fileEncoding = 4; lastKnownFileType = file.xib; path = RFAuthViewController.xib; sourceTree = "<group>"; };
		87DDEA7C1D3E08100082760E /* Pokemap.app */ = {isa = PBXFileReference; explicitFileType = wrapper.application; includeInIndex = 0; path = Pokemap.app; sourceTree = BUILT_PRODUCTS_DIR; };
		87DDEA801D3E08100082760E /* main.m */ = {isa = PBXFileReference; lastKnownFileType = sourcecode.c.objc; path = main.m; sourceTree = "<group>"; };
		87DDEA821D3E08100082760E /* AppDelegate.h */ = {isa = PBXFileReference; lastKnownFileType = sourcecode.c.h; path = AppDelegate.h; sourceTree = "<group>"; };
		87DDEA831D3E08100082760E /* AppDelegate.m */ = {isa = PBXFileReference; lastKnownFileType = sourcecode.c.objc; path = AppDelegate.m; sourceTree = "<group>"; };
		87DDEA851D3E08100082760E /* RFMapViewController.h */ = {isa = PBXFileReference; lastKnownFileType = sourcecode.c.h; path = RFMapViewController.h; sourceTree = "<group>"; };
		87DDEA861D3E08100082760E /* RFMapViewController.m */ = {isa = PBXFileReference; lastKnownFileType = sourcecode.c.objc; path = RFMapViewController.m; sourceTree = "<group>"; };
		87DDEA891D3E08100082760E /* Base */ = {isa = PBXFileReference; lastKnownFileType = file.storyboard; name = Base; path = Base.lproj/Main.storyboard; sourceTree = "<group>"; };
		87DDEA8B1D3E08100082760E /* Assets.xcassets */ = {isa = PBXFileReference; lastKnownFileType = folder.assetcatalog; path = Assets.xcassets; sourceTree = "<group>"; };
		87DDEA8E1D3E08100082760E /* Base */ = {isa = PBXFileReference; lastKnownFileType = file.storyboard; name = Base; path = Base.lproj/LaunchScreen.storyboard; sourceTree = "<group>"; };
		87DDEA901D3E08100082760E /* Info.plist */ = {isa = PBXFileReference; lastKnownFileType = text.plist.xml; path = Info.plist; sourceTree = "<group>"; };
		87DDEA9D1D3E0CE20082760E /* RFNetworkManager.h */ = {isa = PBXFileReference; fileEncoding = 4; lastKnownFileType = sourcecode.c.h; path = RFNetworkManager.h; sourceTree = "<group>"; };
		87DDEA9E1D3E0CE20082760E /* RFNetworkManager.m */ = {isa = PBXFileReference; fileEncoding = 4; lastKnownFileType = sourcecode.c.objc; path = RFNetworkManager.m; sourceTree = "<group>"; };
		87DDEAA41D3E0EE60082760E /* RFConstants.h */ = {isa = PBXFileReference; fileEncoding = 4; lastKnownFileType = sourcecode.c.h; path = RFConstants.h; sourceTree = "<group>"; };
		87DDEAA51D3E0EE60082760E /* RFConstants.m */ = {isa = PBXFileReference; fileEncoding = 4; lastKnownFileType = sourcecode.c.objc; path = RFConstants.m; sourceTree = "<group>"; };
		87DDEAA71D3E123B0082760E /* PrefixHeader.pch */ = {isa = PBXFileReference; fileEncoding = 4; lastKnownFileType = sourcecode.c.h; path = PrefixHeader.pch; sourceTree = "<group>"; };
		87DDEAAC1D3E40470082760E /* RFAuthManager.h */ = {isa = PBXFileReference; fileEncoding = 4; lastKnownFileType = sourcecode.c.h; path = RFAuthManager.h; sourceTree = "<group>"; };
		87DDEAAD1D3E40470082760E /* RFAuthManager.m */ = {isa = PBXFileReference; fileEncoding = 4; lastKnownFileType = sourcecode.c.objc; path = RFAuthManager.m; sourceTree = "<group>"; };
		87DDEAB51D3E52620082760E /* RFLocationManager.h */ = {isa = PBXFileReference; fileEncoding = 4; lastKnownFileType = sourcecode.c.h; path = RFLocationManager.h; sourceTree = "<group>"; };
		87DDEAB61D3E52620082760E /* RFLocationManager.m */ = {isa = PBXFileReference; fileEncoding = 4; lastKnownFileType = sourcecode.c.objc; path = RFLocationManager.m; sourceTree = "<group>"; };
		90FAB292AE584DE5AD010CE8 /* Pods-Pokemap.release.xcconfig */ = {isa = PBXFileReference; includeInIndex = 1; lastKnownFileType = text.xcconfig; name = "Pods-Pokemap.release.xcconfig"; path = "Pods/Target Support Files/Pods-Pokemap/Pods-Pokemap.release.xcconfig"; sourceTree = "<group>"; };
/* End PBXFileReference section */

/* Begin PBXFrameworksBuildPhase section */
		87DDEA791D3E08100082760E /* Frameworks */ = {
			isa = PBXFrameworksBuildPhase;
			buildActionMask = 2147483647;
			files = (
				876FFD911D3FFAEC00F5142C /* libc++.tbd in Frameworks */,
				876FFD8F1D3FFA5700F5142C /* libs2geometry.a in Frameworks */,
				6B16D7F95818459C9A1AFAFF /* libPods-Pokemap.a in Frameworks */,
			);
			runOnlyForDeploymentPostprocessing = 0;
		};
/* End PBXFrameworksBuildPhase section */

/* Begin PBXGroup section */
		6AF1066F1EC8C273EF662393 /* Frameworks */ = {
			isa = PBXGroup;
			children = (
				876FFD901D3FFAEC00F5142C /* libc++.tbd */,
				87372D531D3FEB12004CEE5D /* libs2.dylib */,
				87372D541D3FEB12004CEE5D /* libs2cellid.dylib */,
				87372D551D3FEB12004CEE5D /* libs2util.dylib */,
				87372C3F1D3FC113004CEE5D /* libgcc_s.1.tbd */,
				63824429FF9D6E0F2AFB44FE /* libPods-Pokemap.a */,
			);
			name = Frameworks;
			sourceTree = "<group>";
		};
		791E54D0C6EC5E0392C12DC6 /* Pods */ = {
			isa = PBXGroup;
			children = (
				90FAB292AE584DE5AD010CE8 /* Pods-Pokemap.release.xcconfig */,
				3254BB0132E99D2F75C332D0 /* Pods-Pokemap.debug.xcconfig */,
			);
			name = Pods;
			sourceTree = "<group>";
		};
		870D990A1D40BF1700CF9BF3 /* Requests */ = {
			isa = PBXGroup;
			children = (
				873501A31D3F8444009486BE /* RFRPCRequest.h */,
				873501A41D3F8444009486BE /* RFRPCRequest.m */,
				873501A71D3F888B009486BE /* RFRPCRequestTypes.h */,
				870D990B1D40BF3600CF9BF3 /* RFRPCGetProfileRequest.h */,
				870D990C1D40BF3600CF9BF3 /* RFRPCGetProfileRequest.m */,
				870D990E1D40BF4700CF9BF3 /* RFRPCGetMapObjectsRequest.h */,
				870D990F1D40BF4700CF9BF3 /* RFRPCGetMapObjectsRequest.m */,
			);
			name = Requests;
			sourceTree = "<group>";
		};
		873501A61D3F8862009486BE /* Network */ = {
			isa = PBXGroup;
			children = (
				870D990A1D40BF1700CF9BF3 /* Requests */,
				87DDEA9D1D3E0CE20082760E /* RFNetworkManager.h */,
				87DDEA9E1D3E0CE20082760E /* RFNetworkManager.m */,
			);
			name = Network;
			sourceTree = "<group>";
		};
		87372B641D3FBB28004CEE5D /* s2-geometry */ = {
			isa = PBXGroup;
			children = (
				876FFD8E1D3FFA5700F5142C /* libs2geometry.a */,
				87372E171D3FF2F0004CEE5D /* include */,
			);
			path = "s2-geometry";
			sourceTree = "<group>";
		};
		87372E171D3FF2F0004CEE5D /* include */ = {
			isa = PBXGroup;
			children = (
				87372E181D3FF2F0004CEE5D /* s2geometry */,
			);
			path = include;
			sourceTree = "<group>";
		};
		87372E181D3FF2F0004CEE5D /* s2geometry */ = {
			isa = PBXGroup;
			children = (
				87372E191D3FF2F0004CEE5D /* s2geometry.h */,
			);
			path = s2geometry;
			sourceTree = "<group>";
		};
		87DDEA731D3E08100082760E = {
			isa = PBXGroup;
			children = (
				87DDEA7E1D3E08100082760E /* Pokemap */,
				87DDEA7D1D3E08100082760E /* Products */,
				6AF1066F1EC8C273EF662393 /* Frameworks */,
				791E54D0C6EC5E0392C12DC6 /* Pods */,
			);
			sourceTree = "<group>";
		};
		87DDEA7D1D3E08100082760E /* Products */ = {
			isa = PBXGroup;
			children = (
				87DDEA7C1D3E08100082760E /* Pokemap.app */,
			);
			name = Products;
			sourceTree = "<group>";
		};
		87DDEA7E1D3E08100082760E /* Pokemap */ = {
			isa = PBXGroup;
			children = (
				870D99111D40C09100CF9BF3 /* varint.c */,
				870D99121D40C09100CF9BF3 /* varint.h */,
				87372B641D3FBB28004CEE5D /* s2-geometry */,
				87DDEAAB1D3E40150082760E /* Managers */,
				87DDEAA01D3E0EC00082760E /* Common */,
				87DDEA9C1D3E0C890082760E /* Protocol */,
				87DDEA821D3E08100082760E /* AppDelegate.h */,
				87DDEA831D3E08100082760E /* AppDelegate.m */,
				87DDEA851D3E08100082760E /* RFMapViewController.h */,
				87DDEA861D3E08100082760E /* RFMapViewController.m */,
				87DDEA881D3E08100082760E /* Main.storyboard */,
				87DDEA8B1D3E08100082760E /* Assets.xcassets */,
				87DDEA8D1D3E08100082760E /* LaunchScreen.storyboard */,
				87DDEA901D3E08100082760E /* Info.plist */,
				87DDEA7F1D3E08100082760E /* Supporting Files */,
				87B6C2801D4229D0009C0F2F /* RFAuthViewController.h */,
				87B6C2811D4229D0009C0F2F /* RFAuthViewController.m */,
				87B6C2821D4229D0009C0F2F /* RFAuthViewController.xib */,
			);
			path = Pokemap;
			sourceTree = "<group>";
		};
		87DDEA7F1D3E08100082760E /* Supporting Files */ = {
			isa = PBXGroup;
			children = (
				87DDEA801D3E08100082760E /* main.m */,
				87DDEAA71D3E123B0082760E /* PrefixHeader.pch */,
			);
			name = "Supporting Files";
			sourceTree = "<group>";
		};
		87DDEA9C1D3E0C890082760E /* Protocol */ = {
			isa = PBXGroup;
			children = (
				873501AC1D3FABF3009486BE /* Request.pb.h */,
				873501AD1D3FABF3009486BE /* Request.pb.m */,
				873501AE1D3FABF3009486BE /* Response.pb.h */,
				873501AF1D3FABF3009486BE /* Response.pb.m */,
			);
			name = Protocol;
			sourceTree = "<group>";
		};
		87DDEAA01D3E0EC00082760E /* Common */ = {
			isa = PBXGroup;
			children = (
				87DDEAA41D3E0EE60082760E /* RFConstants.h */,
				87DDEAA51D3E0EE60082760E /* RFConstants.m */,
			);
			name = Common;
			sourceTree = "<group>";
		};
		87DDEAAB1D3E40150082760E /* Managers */ = {
			isa = PBXGroup;
			children = (
				873501A61D3F8862009486BE /* Network */,
				87DDEAB51D3E52620082760E /* RFLocationManager.h */,
				87DDEAB61D3E52620082760E /* RFLocationManager.m */,
				87DDEAAC1D3E40470082760E /* RFAuthManager.h */,
				87DDEAAD1D3E40470082760E /* RFAuthManager.m */,
				874DC8881D41393000AEEE96 /* RFMapObjectsManager.h */,
				874DC8891D41393000AEEE96 /* RFMapObjectsManager.m */,
				874DC88B1D41399B00AEEE96 /* RFPokemonMarker.h */,
				874DC88C1D41399B00AEEE96 /* RFPokemonMarker.m */,
				874DC88E1D4154D600AEEE96 /* RFCoordinate.h */,
				874DC88F1D4154D600AEEE96 /* RFCoordinate.m */,
			);
			name = Managers;
			sourceTree = "<group>";
		};
/* End PBXGroup section */

/* Begin PBXNativeTarget section */
		87DDEA7B1D3E08100082760E /* Pokemap */ = {
			isa = PBXNativeTarget;
			buildConfigurationList = 87DDEA931D3E08100082760E /* Build configuration list for PBXNativeTarget "Pokemap" */;
			buildPhases = (
				4DC141253F71AD26E4012FC6 /* Check Pods Manifest.lock */,
				87DDEA781D3E08100082760E /* Sources */,
				87DDEA791D3E08100082760E /* Frameworks */,
				87DDEA7A1D3E08100082760E /* Resources */,
				3196D29BE1C5590714190E91 /* Embed Pods Frameworks */,
				7A7FF6F5D1CA8D9EEC5EEB1A /* Copy Pods Resources */,
				87F10EDA1D41934100C54613 /* ShellScript */,
			);
			buildRules = (
			);
			dependencies = (
			);
			name = Pokemap;
			productName = Pokemap;
			productReference = 87DDEA7C1D3E08100082760E /* Pokemap.app */;
			productType = "com.apple.product-type.application";
		};
/* End PBXNativeTarget section */

/* Begin PBXProject section */
		87DDEA741D3E08100082760E /* Project object */ = {
			isa = PBXProject;
			attributes = {
				LastUpgradeCheck = 0730;
				ORGANIZATIONNAME = ruffneck;
				TargetAttributes = {
					87DDEA7B1D3E08100082760E = {
						CreatedOnToolsVersion = 7.3.1;
						DevelopmentTeam = FH9998YKGU;
						SystemCapabilities = {
							com.apple.BackgroundModes = {
								enabled = 1;
							};
						};
					};
				};
			};
			buildConfigurationList = 87DDEA771D3E08100082760E /* Build configuration list for PBXProject "Pokemap" */;
			compatibilityVersion = "Xcode 3.2";
			developmentRegion = English;
			hasScannedForEncodings = 0;
			knownRegions = (
				en,
				Base,
			);
			mainGroup = 87DDEA731D3E08100082760E;
			productRefGroup = 87DDEA7D1D3E08100082760E /* Products */;
			projectDirPath = "";
			projectRoot = "";
			targets = (
				87DDEA7B1D3E08100082760E /* Pokemap */,
			);
		};
/* End PBXProject section */

/* Begin PBXResourcesBuildPhase section */
		87DDEA7A1D3E08100082760E /* Resources */ = {
			isa = PBXResourcesBuildPhase;
			buildActionMask = 2147483647;
			files = (
				87DDEA8F1D3E08100082760E /* LaunchScreen.storyboard in Resources */,
				87DDEA8C1D3E08100082760E /* Assets.xcassets in Resources */,
				87B6C2841D4229D0009C0F2F /* RFAuthViewController.xib in Resources */,
				87DDEA8A1D3E08100082760E /* Main.storyboard in Resources */,
			);
			runOnlyForDeploymentPostprocessing = 0;
		};
/* End PBXResourcesBuildPhase section */

/* Begin PBXShellScriptBuildPhase section */
		3196D29BE1C5590714190E91 /* Embed Pods Frameworks */ = {
			isa = PBXShellScriptBuildPhase;
			buildActionMask = 2147483647;
			files = (
			);
			inputPaths = (
			);
			name = "Embed Pods Frameworks";
			outputPaths = (
			);
			runOnlyForDeploymentPostprocessing = 0;
			shellPath = /bin/sh;
			shellScript = "\"${SRCROOT}/Pods/Target Support Files/Pods-Pokemap/Pods-Pokemap-frameworks.sh\"\n";
			showEnvVarsInLog = 0;
		};
		4DC141253F71AD26E4012FC6 /* Check Pods Manifest.lock */ = {
			isa = PBXShellScriptBuildPhase;
			buildActionMask = 2147483647;
			files = (
			);
			inputPaths = (
			);
			name = "Check Pods Manifest.lock";
			outputPaths = (
			);
			runOnlyForDeploymentPostprocessing = 0;
			shellPath = /bin/sh;
			shellScript = "diff \"${PODS_ROOT}/../Podfile.lock\" \"${PODS_ROOT}/Manifest.lock\" > /dev/null\nif [[ $? != 0 ]] ; then\n    cat << EOM\nerror: The sandbox is not in sync with the Podfile.lock. Run 'pod install' or update your CocoaPods installation.\nEOM\n    exit 1\nfi\n";
			showEnvVarsInLog = 0;
		};
		7A7FF6F5D1CA8D9EEC5EEB1A /* Copy Pods Resources */ = {
			isa = PBXShellScriptBuildPhase;
			buildActionMask = 2147483647;
			files = (
			);
			inputPaths = (
			);
			name = "Copy Pods Resources";
			outputPaths = (
			);
			runOnlyForDeploymentPostprocessing = 0;
			shellPath = /bin/sh;
			shellScript = "\"${SRCROOT}/Pods/Target Support Files/Pods-Pokemap/Pods-Pokemap-resources.sh\"\n";
			showEnvVarsInLog = 0;
		};
		87F10EDA1D41934100C54613 /* ShellScript */ = {
			isa = PBXShellScriptBuildPhase;
			buildActionMask = 2147483647;
			files = (
			);
			inputPaths = (
			);
			outputPaths = (
			);
			runOnlyForDeploymentPostprocessing = 0;
			shellPath = /bin/sh;
			shellScript = "\"${PODS_ROOT}/Fabric/run\" fefde2e6fa6f2f6732f0aadf097d0ecf8686cd4f 54329062e0f675eb514a5992553cbae7fa9a75ff05e36cdf50a841dce9706d2d";
		};
/* End PBXShellScriptBuildPhase section */

/* Begin PBXSourcesBuildPhase section */
		87DDEA781D3E08100082760E /* Sources */ = {
			isa = PBXSourcesBuildPhase;
			buildActionMask = 2147483647;
			files = (
				874DC88D1D41399B00AEEE96 /* RFPokemonMarker.m in Sources */,
				870D99101D40BF4700CF9BF3 /* RFRPCGetMapObjectsRequest.m in Sources */,
				87DDEA9F1D3E0CE20082760E /* RFNetworkManager.m in Sources */,
				870D990D1D40BF3600CF9BF3 /* RFRPCGetProfileRequest.m in Sources */,
				87B6C2831D4229D0009C0F2F /* RFAuthViewController.m in Sources */,
				87DDEA871D3E08100082760E /* RFMapViewController.m in Sources */,
				87DDEA841D3E08100082760E /* AppDelegate.m in Sources */,
				874DC88A1D41393000AEEE96 /* RFMapObjectsManager.m in Sources */,
				873501A51D3F8444009486BE /* RFRPCRequest.m in Sources */,
				87DDEA811D3E08100082760E /* main.m in Sources */,
				874DC8901D4154D600AEEE96 /* RFCoordinate.m in Sources */,
				87DDEAA61D3E0EE60082760E /* RFConstants.m in Sources */,
				87DDEAB71D3E52620082760E /* RFLocationManager.m in Sources */,
				87DDEAAE1D3E40470082760E /* RFAuthManager.m in Sources */,
				870D99131D40C09100CF9BF3 /* varint.c in Sources */,
				873501B01D3FABF3009486BE /* Request.pb.m in Sources */,
				873501B11D3FABF3009486BE /* Response.pb.m in Sources */,
			);
			runOnlyForDeploymentPostprocessing = 0;
		};
/* End PBXSourcesBuildPhase section */

/* Begin PBXVariantGroup section */
		87DDEA881D3E08100082760E /* Main.storyboard */ = {
			isa = PBXVariantGroup;
			children = (
				87DDEA891D3E08100082760E /* Base */,
			);
			name = Main.storyboard;
			sourceTree = "<group>";
		};
		87DDEA8D1D3E08100082760E /* LaunchScreen.storyboard */ = {
			isa = PBXVariantGroup;
			children = (
				87DDEA8E1D3E08100082760E /* Base */,
			);
			name = LaunchScreen.storyboard;
			sourceTree = "<group>";
		};
/* End PBXVariantGroup section */

/* Begin XCBuildConfiguration section */
		87DDEA921D3E08100082760E /* Release */ = {
			isa = XCBuildConfiguration;
			buildSettings = {
				ALWAYS_SEARCH_USER_PATHS = NO;
				CLANG_ANALYZER_NONNULL = YES;
				CLANG_CXX_LANGUAGE_STANDARD = "gnu++0x";
				CLANG_CXX_LIBRARY = "libc++";
				CLANG_ENABLE_MODULES = YES;
				CLANG_ENABLE_OBJC_ARC = YES;
				CLANG_WARN_BOOL_CONVERSION = YES;
				CLANG_WARN_CONSTANT_CONVERSION = YES;
				CLANG_WARN_DIRECT_OBJC_ISA_USAGE = YES_ERROR;
				CLANG_WARN_EMPTY_BODY = YES;
				CLANG_WARN_ENUM_CONVERSION = YES;
				CLANG_WARN_INT_CONVERSION = YES;
				CLANG_WARN_OBJC_ROOT_CLASS = YES_ERROR;
				CLANG_WARN_UNREACHABLE_CODE = YES;
				CLANG_WARN__DUPLICATE_METHOD_MATCH = YES;
				"CODE_SIGN_IDENTITY[sdk=iphoneos*]" = "iPhone Developer";
				COPY_PHASE_STRIP = NO;
				DEBUG_INFORMATION_FORMAT = "dwarf-with-dsym";
				ENABLE_NS_ASSERTIONS = NO;
				ENABLE_STRICT_OBJC_MSGSEND = YES;
				GCC_C_LANGUAGE_STANDARD = gnu99;
				GCC_NO_COMMON_BLOCKS = YES;
				GCC_WARN_64_TO_32_BIT_CONVERSION = YES;
				GCC_WARN_ABOUT_RETURN_TYPE = YES_ERROR;
				GCC_WARN_UNDECLARED_SELECTOR = YES;
				GCC_WARN_UNINITIALIZED_AUTOS = YES_AGGRESSIVE;
				GCC_WARN_UNUSED_FUNCTION = YES;
				GCC_WARN_UNUSED_VARIABLE = YES;
				IPHONEOS_DEPLOYMENT_TARGET = 7.0;
				MTL_ENABLE_DEBUG_INFO = NO;
				SDKROOT = iphoneos;
				VALIDATE_PRODUCT = YES;
				VALID_ARCHS = "arm64 armv7 armv7s i386";
			};
			name = Release;
		};
		87DDEA951D3E08100082760E /* Release */ = {
			isa = XCBuildConfiguration;
			baseConfigurationReference = 90FAB292AE584DE5AD010CE8 /* Pods-Pokemap.release.xcconfig */;
			buildSettings = {
				ARCHS = "$(ARCHS_STANDARD)";
				ASSETCATALOG_COMPILER_APPICON_NAME = AppIcon;
				ASSETCATALOG_COMPILER_LAUNCHIMAGE_NAME = LaunchImage;
				CLANG_CXX_LANGUAGE_STANDARD = "gnu++0x";
				CLANG_CXX_LIBRARY = "libc++";
				CODE_SIGN_IDENTITY = "iPhone Distribution: Mikhail Kirsanov (FH9998YKGU)";
				"CODE_SIGN_IDENTITY[sdk=iphoneos*]" = "iPhone Distribution: Mikhail Kirsanov (FH9998YKGU)";
				ENABLE_BITCODE = NO;
				GCC_C_LANGUAGE_STANDARD = gnu99;
				GCC_ENABLE_CPP_EXCEPTIONS = NO;
				HEADER_SEARCH_PATHS = (
					"$(inherited)",
					"\"${PODS_ROOT}/Headers/Public\"",
					"\"${PODS_ROOT}/Headers/Public/AFNetworking\"",
					"\"${PODS_ROOT}/Headers/Public/DDURLParser\"",
					"\"${PODS_ROOT}/Headers/Public/GoogleMaps\"",
					"\"${PODS_ROOT}/Headers/Public/UICKeyChainStore\"",
					"\"${PODS_ROOT}/Headers/Public/ProtocolBuffers\"",
					"\"$(SRCROOT)/Pokemap/s2-geometry\"/**",
				);
				INFOPLIST_FILE = Pokemap/Info.plist;
				IPHONEOS_DEPLOYMENT_TARGET = 7.0;
				LD_RUNPATH_SEARCH_PATHS = "$(inherited) @executable_path/Frameworks";
				LIBRARY_SEARCH_PATHS = (
					"$(inherited)",
					/usr/local/lib/,
					"$(PROJECT_DIR)/Pokemap",
					"\"$(SRCROOT)/Pokemap/s2-geometry\"",
				);
				ONLY_ACTIVE_ARCH = NO;
				OTHER_CPLUSPLUSFLAGS = "$(OTHER_CFLAGS)";
				PRODUCT_BUNDLE_IDENTIFIER = com.ruffneck.pokemap;
				PRODUCT_NAME = Pokemap;
				PROVISIONING_PROFILE = "dcb4042e-7924-44e5-9efa-574c6704dffb";
				VALID_ARCHS = "arm64 armv7 armv7s";
			};
			name = Release;
		};
		87E8BD971D3E90FF00CA1F70 /* Debug */ = {
			isa = XCBuildConfiguration;
			buildSettings = {
				ALWAYS_SEARCH_USER_PATHS = NO;
				CLANG_ANALYZER_NONNULL = YES;
				CLANG_CXX_LANGUAGE_STANDARD = "gnu++0x";
				CLANG_CXX_LIBRARY = "libc++";
				CLANG_ENABLE_MODULES = YES;
				CLANG_ENABLE_OBJC_ARC = YES;
				CLANG_WARN_BOOL_CONVERSION = YES;
				CLANG_WARN_CONSTANT_CONVERSION = YES;
				CLANG_WARN_DIRECT_OBJC_ISA_USAGE = YES_ERROR;
				CLANG_WARN_EMPTY_BODY = YES;
				CLANG_WARN_ENUM_CONVERSION = YES;
				CLANG_WARN_INT_CONVERSION = YES;
				CLANG_WARN_OBJC_ROOT_CLASS = YES_ERROR;
				CLANG_WARN_UNREACHABLE_CODE = YES;
				CLANG_WARN__DUPLICATE_METHOD_MATCH = YES;
				"CODE_SIGN_IDENTITY[sdk=iphoneos*]" = "iPhone Developer";
				COPY_PHASE_STRIP = NO;
				DEBUG_INFORMATION_FORMAT = "dwarf-with-dsym";
				ENABLE_NS_ASSERTIONS = NO;
				ENABLE_STRICT_OBJC_MSGSEND = YES;
				GCC_C_LANGUAGE_STANDARD = gnu99;
				GCC_NO_COMMON_BLOCKS = YES;
				GCC_WARN_64_TO_32_BIT_CONVERSION = YES;
				GCC_WARN_ABOUT_RETURN_TYPE = YES_ERROR;
				GCC_WARN_UNDECLARED_SELECTOR = YES;
				GCC_WARN_UNINITIALIZED_AUTOS = YES_AGGRESSIVE;
				GCC_WARN_UNUSED_FUNCTION = YES;
				GCC_WARN_UNUSED_VARIABLE = YES;
				IPHONEOS_DEPLOYMENT_TARGET = 7.0;
				MTL_ENABLE_DEBUG_INFO = NO;
				SDKROOT = iphoneos;
				VALIDATE_PRODUCT = YES;
				VALID_ARCHS = "arm64 armv7 armv7s i386";
			};
			name = Debug;
		};
		87E8BD981D3E90FF00CA1F70 /* Debug */ = {
			isa = XCBuildConfiguration;
			baseConfigurationReference = 3254BB0132E99D2F75C332D0 /* Pods-Pokemap.debug.xcconfig */;
			buildSettings = {
				ARCHS = "$(ARCHS_STANDARD)";
				ASSETCATALOG_COMPILER_APPICON_NAME = AppIcon;
				ASSETCATALOG_COMPILER_LAUNCHIMAGE_NAME = LaunchImage;
				CLANG_CXX_LANGUAGE_STANDARD = "gnu++0x";
				CLANG_CXX_LIBRARY = "libc++";
				CODE_SIGN_IDENTITY = "iPhone Distribution: Mikhail Kirsanov (FH9998YKGU)";
				"CODE_SIGN_IDENTITY[sdk=iphoneos*]" = "iPhone Distribution: Mikhail Kirsanov (FH9998YKGU)";
				ENABLE_BITCODE = NO;
				GCC_C_LANGUAGE_STANDARD = gnu99;
				GCC_ENABLE_CPP_EXCEPTIONS = NO;
				HEADER_SEARCH_PATHS = (
					"$(inherited)",
					"\"${PODS_ROOT}/Headers/Public\"",
					"\"${PODS_ROOT}/Headers/Public/AFNetworking\"",
					"\"${PODS_ROOT}/Headers/Public/DDURLParser\"",
					"\"${PODS_ROOT}/Headers/Public/GoogleMaps\"",
					"\"${PODS_ROOT}/Headers/Public/UICKeyChainStore\"",
					"\"${PODS_ROOT}/Headers/Public/ProtocolBuffers\"",
					"\"$(SRCROOT)/Pokemap/s2-geometry\"/**",
				);
				INFOPLIST_FILE = Pokemap/Info.plist;
				IPHONEOS_DEPLOYMENT_TARGET = 7.0;
				LD_RUNPATH_SEARCH_PATHS = "$(inherited) @executable_path/Frameworks";
				LIBRARY_SEARCH_PATHS = (
					"$(inherited)",
					/usr/local/lib/,
					"$(PROJECT_DIR)/Pokemap",
					"\"$(SRCROOT)/Pokemap/s2-geometry\"",
				);
				ONLY_ACTIVE_ARCH = YES;
				OTHER_CPLUSPLUSFLAGS = "$(OTHER_CFLAGS)";
				PRODUCT_BUNDLE_IDENTIFIER = com.ruffneck.pokemap;
				PRODUCT_NAME = Pokemap;
				PROVISIONING_PROFILE = "dcb4042e-7924-44e5-9efa-574c6704dffb";
				VALID_ARCHS = "arm64 armv7 armv7s";
			};
			name = Debug;
		};
/* End XCBuildConfiguration section */

/* Begin XCConfigurationList section */
		87DDEA771D3E08100082760E /* Build configuration list for PBXProject "Pokemap" */ = {
			isa = XCConfigurationList;
			buildConfigurations = (
				87DDEA921D3E08100082760E /* Release */,
				87E8BD971D3E90FF00CA1F70 /* Debug */,
			);
			defaultConfigurationIsVisible = 0;
			defaultConfigurationName = Release;
		};
		87DDEA931D3E08100082760E /* Build configuration list for PBXNativeTarget "Pokemap" */ = {
			isa = XCConfigurationList;
			buildConfigurations = (
				87DDEA951D3E08100082760E /* Release */,
				87E8BD981D3E90FF00CA1F70 /* Debug */,
			);
			defaultConfigurationIsVisible = 0;
			defaultConfigurationName = Release;
		};
/* End XCConfigurationList section */
	};
	rootObject = 87DDEA741D3E08100082760E /* Project object */;
}
